Microsoft Visual Studio Solution File, Format Version 12.00
# Visual Studio Version 17
VisualStudioVersion = 17.5.2.0
MinimumVisualStudioVersion = 10.0.40219.1
Project("{FAE04EC0-301F-11D3-BF4B-00C04F79EFBC}") = "HoloCrack", "HoloCrack.csproj", "{4CBAB99B-6ADE-56A8-ED4F-870D07F96B10}"
EndProject
Global
	GlobalSection(SolutionConfigurationPlatforms) = preSolution
		Debug|Any CPU = Debug|Any CPU
		Release|Any CPU = Release|Any CPU
	EndGlobalSection
	GlobalSection(ProjectConfigurationPlatforms) = postSolution
		{4CBAB99B-6ADE-56A8-ED4F-870D07F96B10}.Debug|Any CPU.ActiveCfg = Debug|Any CPU
		{4CBAB99B-6ADE-56A8-ED4F-870D07F96B10}.Debug|Any CPU.Build.0 = Debug|Any CPU
		{4CBAB99B-6ADE-56A8-ED4F-870D07F96B10}.Release|Any CPU.ActiveCfg = Release|Any CPU
		{4CBAB99B-6ADE-56A8-ED4F-870D07F96B10}.Release|Any CPU.Build.0 = Release|Any CPU
	EndGlobalSection
	GlobalSection(SolutionProperties) = preSolution
		HideSolutionNode = FALSE
	EndGlobalSection
	GlobalSection(ExtensibilityGlobals) = postSolution
		SolutionGuid = {700C6E07-FE14-4990-8D7D-D15ACE5270C1}
	EndGlobalSection
EndGlobal
